github.com/tobischo/argon2 v0.1.0 h1:mwAx/9DK/4rP0xzNifb/XMAf43dU3eG1B3aeF88qu4Y=
github.com/tobischo/argon2 v0.1.0/go.mod h1:4NLmLFwhWPbT66nRZNgcktV/mibJ6fESoeEp43h9GRw=
github.com/tobischo/gokeepasslib/v3 v3.6.1 h1:AShQlTypdM19glj0UUePQcUi56qQyeFI5NcrWnVFudA=
github.com/tobischo/gokeepasslib/v3 v3.6.1/go.mod h1:B31dx/dj0egameQrNtuoOx9RnwxnYaZR4kXaahRuZN8=
golang.org/x/crypto v0.31.0 h1:ihbySMvVjLAeSH1IbfcRTkD/iNscyz8rGzjF/E5hV6U=
golang.org/x/crypto v0.31.0/go.mod h1:kDsLvtWBEx7MV9tJOj9bnXsPbxwJQ6csT/x4KIN4Ssk=
golang.org/x/sys v0.28.0 h1:Fksou7UEQUWlKvIdsqzJmUmCX3cZuD2+P3XyyzwMhlA=
golang.org/x/sys v0.28.0/go.mod h1:/VUhepiaJMQUp4+oa/7Zr1D23ma6VTLIYjOOTFZPUcA=
